{
  "version": 4,
  "terraform_version": "1.11.4",
  "serial": 21,
  "lineage": "fa876239-d292-b911-78b8-88f37d70d188",
  "outputs": {
    "backend_api_docs": {
      "value": "http://cloudoptima-vm-e7ng1ocf.eastus2.cloudapp.azure.com:8000/docs",
      "type": "string"
    },
    "backend_url": {
      "value": "http://cloudoptima-vm-e7ng1ocf.eastus2.cloudapp.azure.com:8000",
      "type": "string"
    },
    "db_password": {
      "value": "I#fS2Q=hDUCvqEu8g1prSb9sUnkz8K]N",
      "type": "string",
      "sensitive": true
    },
    "deployment_summary": {
      "value": "  \r\n========================================\r\nCloudOptima AI - VM-Only Deployment!\r\n========================================\r\n  \r\nAccess URLs:\r\n  Frontend:  http://cloudoptima-vm-e7ng1ocf.eastus2.cloudapp.azure.com:3000\r\n  Backend:   http://cloudoptima-vm-e7ng1ocf.eastus2.cloudapp.azure.com:8000\r\n  API Docs:  http://cloudoptima-vm-e7ng1ocf.eastus2.cloudapp.azure.com:8000/docs\r\n  \r\nVM Access:\r\n  SSH:       ssh azureuser@cloudoptima-vm-e7ng1ocf.eastus2.cloudapp.azure.com\r\n  IP:        52.179.209.239\r\n  FQDN:      cloudoptima-vm-e7ng1ocf.eastus2.cloudapp.azure.com\r\n  Password:  (run: terraform output vm_password)\r\n  \r\nServices (All on VM in Docker):\r\n  - Frontend (React) :3000\r\n  - Backend (FastAPI) :8000\r\n  - PostgreSQL :5432\r\n  - Redis :6379\r\n  - Celery Worker\r\n  - Celery Beat\r\n  \r\nCost:\r\n  Current:   $0/month (FREE tier - B1S VM)\r\n  After 12m: ~$10/month\r\n  \r\nNext Steps:\r\n  1. SSH into VM: ssh azureuser@cloudoptima-vm-e7ng1ocf.eastus2.cloudapp.azure.com\r\n  2. Run setup script: sudo bash /opt/cloudoptima/scripts/vm-only-setup.sh\r\n  3. Check services: docker ps\r\n  4. Test: curl http://localhost:8000/health\r\n  \r\nView sensitive outputs:\r\n  terraform output vm_password\r\n  terraform output db_password\r\n  terraform output secret_key\r\n  \r\n========================================\r\n",
      "type": "string"
    },
    "frontend_url": {
      "value": "http://cloudoptima-vm-e7ng1ocf.eastus2.cloudapp.azure.com:3000",
      "type": "string"
    },
    "resource_group_name": {
      "value": "cloudoptima-rg",
      "type": "string"
    },
    "secret_key": {
      "value": "GOu5swokenNjjawHLEIs7vi0dZYPUxFcVRhPqX9odyzGOLQBsXklAJrFRbXOr3Uy",
      "type": "string",
      "sensitive": true
    },
    "vm_fqdn": {
      "value": "cloudoptima-vm-e7ng1ocf.eastus2.cloudapp.azure.com",
      "type": "string"
    },
    "vm_password": {
      "value": "zJsjfxP80cmn!WeU",
      "type": "string",
      "sensitive": true
    },
    "vm_public_ip": {
      "value": "52.179.209.239",
      "type": "string"
    },
    "vm_ssh_command": {
      "value": "ssh azureuser@cloudoptima-vm-e7ng1ocf.eastus2.cloudapp.azure.com",
      "type": "string"
    },
    "vm_username": {
      "value": "azureuser",
      "type": "string"
    }
  },
  "resources": [
    {
      "mode": "data",
      "type": "azurerm_client_config",
      "name": "current",
      "provider": "provider[\"registry.terraform.io/hashicorp/azurerm\"]",
      "instances": [
        {
          "schema_version": 0,
          "attributes": {
            "client_id": "04b07795-8ddb-461a-bbee-02f9e1bf7b46",
            "id": "Y2xpZW50Q29uZmlncy9jbGllbnRJZD0wNGIwNzc5NS04ZGRiLTQ2MWEtYmJlZS0wMmY5ZTFiZjdiNDY7b2JqZWN0SWQ9YTQ4NzE2ZmYtYmI0Mi00ZjRjLThkNWUtMDcxZDljZGZmOGU3O3N1YnNjcmlwdGlvbklkPTNhNmNjOWExLWFkZjctNDlmZS1hMDJmLWY2ZGIxNmNlZDJhMTt0ZW5hbnRJZD1kMjQ0OWQyNy1kMTc1LTQ2NDgtOTBjMy0wNDI4OGFjZDE4Mzc=",
            "object_id": "a48716ff-bb42-4f4c-8d5e-071d9cdff8e7",
            "subscription_id": "3a6cc9a1-adf7-49fe-a02f-f6db16ced2a1",
            "tenant_id": "d2449d27-d175-4648-90c3-04288acd1837",
            "timeouts": null
          },
          "sensitive_attributes": []
        }
      ]
    },
    {
      "mode": "managed",
      "type": "azurerm_linux_virtual_machine",
      "name": "main",
      "provider": "provider[\"registry.terraform.io/hashicorp/azurerm\"]",
      "instances": [
        {
          "schema_version": 0,
          "attributes": {
            "additional_capabilities": [],
            "admin_password": "zJsjfxP80cmn!WeU",
            "admin_ssh_key": [],
            "admin_username": "azureuser",
            "allow_extension_operations": true,
            "availability_set_id": "",
            "boot_diagnostics": [],
            "bypass_platform_safety_checks_on_user_schedule_enabled": false,
            "capacity_reservation_group_id": "",
            "computer_name": "cloudoptima-vm",
            "custom_data": "I2Nsb3VkLWNvbmZpZw0KIyBDbG91ZC1pbml0IGNvbmZpZ3VyYXRpb24gZm9yIENsb3VkT3B0aW1hIEFJIFZNLU9ubHkgRGVwbG95bWVudA0KDQpwYWNrYWdlX3VwZGF0ZTogdHJ1ZQ0KcGFja2FnZV91cGdyYWRlOiB0cnVlDQoNCnBhY2thZ2VzOg0KICAtIGRvY2tlci5pbw0KICAtIGRvY2tlci1jb21wb3NlDQogIC0gZ2l0DQogIC0gY3VybA0KICAtIGh0b3ANCg0Kd3JpdGVfZmlsZXM6DQogIC0gcGF0aDogL2V0Yy9lbnZpcm9ubWVudA0KICAgIGNvbnRlbnQ6IHwNCiAgICAgIFJFRElTX1VSTD1yZWRpczovL2xvY2FsaG9zdDo2Mzc5LzANCiAgICAgIFNFQ1JFVF9LRVk9R091NXN3b2tlbk5qamF3SExFSXM3dmkwZFpZUFV4RmNWUmhQcVg5b2R5ekdPTFFCc1hrbEFKckZSYlhPcjNVeQ0KICAgICAgQVpVUkVfVEVOQU5UX0lEPWQyNDQ5ZDI3LWQxNzUtNDY0OC05MGMzLTA0Mjg4YWNkMTgzNw0KICAgICAgQVpVUkVfQ0xJRU5UX0lEPWIzYWEwNzY4LWJhNDUtNGZiOC1iYWU5LWU1YWY0NmE2MGQzNQ0KICAgICAgQVpVUkVfQ0xJRU5UX1NFQ1JFVD1abUE4UX5QamRiU1lLT3M3ckdqZ3pTd09Ld3VFZnUwREJIX0duYmItDQogICAgICBBUFBfRU5WPXByb2R1Y3Rpb24NCiAgICBhcHBlbmQ6IHRydWUNCg0KICAtIHBhdGg6IC90bXAvc2V0dXAtY29tcGxldGUudHh0DQogICAgY29udGVudDogfA0KICAgICAgQ2xvdWQtaW5pdCBjb21wbGV0ZWQgc3VjY2Vzc2Z1bGx5DQogICAgICBOZXh0IHN0ZXBzOg0KICAgICAgMS4gVXBsb2FkIGFwcGxpY2F0aW9uIGNvZGUNCiAgICAgIDIuIFJ1biBkb2NrZXItY29tcG9zZSB1cA0KICAgICAgMy4gQWNjZXNzIGZyb250ZW5kIGF0IGh0dHA6Ly9WTV9JUDozMDAwDQogICAgICA0LiBBY2Nlc3MgYmFja2VuZCBhdCBodHRwOi8vVk1fSVA6ODAwMA0KDQpydW5jbWQ6DQogIC0gc3lzdGVtY3RsIGVuYWJsZSBkb2NrZXINCiAgLSBzeXN0ZW1jdGwgc3RhcnQgZG9ja2VyDQogIC0gdXNlcm1vZCAtYUcgZG9ja2VyIGF6dXJldXNlcg0KICAtIGVjaG8gInZtLnN3YXBwaW5lc3M9MTAiID4+IC9ldGMvc3lzY3RsLmNvbmYNCiAgLSBmYWxsb2NhdGUgLWwgMkcgL3N3YXBmaWxlDQogIC0gY2htb2QgNjAwIC9zd2FwZmlsZQ0KICAtIG1rc3dhcCAvc3dhcGZpbGUNCiAgLSBzd2Fwb24gL3N3YXBmaWxlDQogIC0gZWNobyAiL3N3YXBmaWxlIG5vbmUgc3dhcCBzdyAwIDAiID4+IC9ldGMvZnN0YWINCiAgLSBzeXNjdGwgLXANCiAgLSBta2RpciAtcCAvb3B0L2Nsb3Vkb3B0aW1hDQogIC0gY2hvd24gYXp1cmV1c2VyOmF6dXJldXNlciAvb3B0L2Nsb3Vkb3B0aW1hDQoNCmZpbmFsX21lc3NhZ2U6ICJDbG91ZE9wdGltYSBBSSBWTSBzZXR1cCBjb21wbGV0ZS4gVXBsb2FkIGNvZGUgYW5kIHJ1biBkb2NrZXItY29tcG9zZS4iDQo=",
            "dedicated_host_group_id": "",
            "dedicated_host_id": "",
            "disable_password_authentication": false,
            "disk_controller_type": "SCSI",
            "edge_zone": "",
            "encryption_at_host_enabled": false,
            "eviction_policy": "",
            "extensions_time_budget": "PT1H30M",
            "gallery_application": [],
            "id": "/subscriptions/3a6cc9a1-adf7-49fe-a02f-f6db16ced2a1/resourceGroups/cloudoptima-rg/providers/Microsoft.Compute/virtualMachines/cloudoptima-vm",
            "identity": [],
            "license_type": "",
            "location": "eastus2",
            "max_bid_price": -1,
            "name": "cloudoptima-vm",
            "network_interface_ids": [
              "/subscriptions/3a6cc9a1-adf7-49fe-a02f-f6db16ced2a1/resourceGroups/cloudoptima-rg/providers/Microsoft.Network/networkInterfaces/cloudoptima-vm-nic"
            ],
            "os_disk": [
              {
                "caching": "ReadWrite",
                "diff_disk_settings": [],
                "disk_encryption_set_id": "",
                "disk_size_gb": 30,
                "name": "cloudoptima-vm_OsDisk_1_ba4c4c9eee204132a5e98b818a54b3cb",
                "secure_vm_disk_encryption_set_id": "",
                "security_encryption_type": "",
                "storage_account_type": "Standard_LRS",
                "write_accelerator_enabled": false
              }
            ],
            "os_image_notification": [],
            "patch_assessment_mode": "ImageDefault",
            "patch_mode": "ImageDefault",
            "plan": [],
            "platform_fault_domain": -1,
            "priority": "Regular",
            "private_ip_address": "10.0.1.4",
            "private_ip_addresses": [
              "10.0.1.4"
            ],
            "provision_vm_agent": true,
            "proximity_placement_group_id": "",
            "public_ip_address": "52.179.209.239",
            "public_ip_addresses": [
              "52.179.209.239"
            ],
            "reboot_setting": "",
            "resource_group_name": "cloudoptima-rg",
            "secret": [],
            "secure_boot_enabled": false,
            "size": "Standard_D2s_v3",
            "source_image_id": "",
            "source_image_reference": [
              {
                "offer": "0001-com-ubuntu-server-jammy",
                "publisher": "Canonical",
                "sku": "22_04-lts-gen2",
                "version": "latest"
              }
            ],
            "tags": {
              "Environment": "Production",
              "ManagedBy": "Terraform",
              "Project": "CloudOptima AI"
            },
            "termination_notification": null,
            "timeouts": null,
            "user_data": "",
            "virtual_machine_id": "8454ec96-af33-4a46-a77e-f01192a8d96d",
            "virtual_machine_scale_set_id": "",
            "vm_agent_platform_updates_enabled": false,
            "vtpm_enabled": false,
            "zone": ""
          },
          "sensitive_attributes": [
            [
              {
                "type": "get_attr",
                "value": "custom_data"
              }
            ],
            [
              {
                "type": "get_attr",
                "value": "admin_password"
              }
            ]
          ],
          "private": "eyJlMmJmYjczMC1lY2FhLTExZTYtOGY4OC0zNDM2M2JjN2M0YzAiOnsiY3JlYXRlIjoyNzAwMDAwMDAwMDAwLCJkZWxldGUiOjI3MDAwMDAwMDAwMDAsInJlYWQiOjMwMDAwMDAwMDAwMCwidXBkYXRlIjoyNzAwMDAwMDAwMDAwfX0=",
          "dependencies": [
            "azurerm_network_interface.vm",
            "azurerm_public_ip.vm",
            "azurerm_resource_group.main",
            "azurerm_subnet.main",
            "azurerm_virtual_network.main",
            "random_password.secret_key",
            "random_password.vm_password",
            "random_string.suffix"
          ]
        }
      ]
    },
    {
      "mode": "managed",
      "type": "azurerm_network_interface",
      "name": "vm",
      "provider": "provider[\"registry.terraform.io/hashicorp/azurerm\"]",
      "instances": [
        {
          "schema_version": 0,
          "attributes": {
            "accelerated_networking_enabled": false,
            "applied_dns_servers": [],
            "auxiliary_mode": "",
            "auxiliary_sku": "",
            "dns_servers": [],
            "edge_zone": "",
            "enable_accelerated_networking": false,
            "enable_ip_forwarding": false,
            "id": "/subscriptions/3a6cc9a1-adf7-49fe-a02f-f6db16ced2a1/resourceGroups/cloudoptima-rg/providers/Microsoft.Network/networkInterfaces/cloudoptima-vm-nic",
            "internal_dns_name_label": "",
            "internal_domain_name_suffix": "iflno0mkuybunbqahqh3rde3ie.cx.internal.cloudapp.net",
            "ip_configuration": [
              {
                "gateway_load_balancer_frontend_ip_configuration_id": "",
                "name": "internal",
                "primary": true,
                "private_ip_address": "10.0.1.4",
                "private_ip_address_allocation": "Dynamic",
                "private_ip_address_version": "IPv4",
                "public_ip_address_id": "/subscriptions/3a6cc9a1-adf7-49fe-a02f-f6db16ced2a1/resourceGroups/cloudoptima-rg/providers/Microsoft.Network/publicIPAddresses/cloudoptima-vm-ip",
                "subnet_id": "/subscriptions/3a6cc9a1-adf7-49fe-a02f-f6db16ced2a1/resourceGroups/cloudoptima-rg/providers/Microsoft.Network/virtualNetworks/cloudoptima-vnet/subnets/cloudoptima-subnet"
              }
            ],
            "ip_forwarding_enabled": false,
            "location": "eastus2",
            "mac_address": "",
            "name": "cloudoptima-vm-nic",
            "private_ip_address": "10.0.1.4",
            "private_ip_addresses": [
              "10.0.1.4"
            ],
            "resource_group_name": "cloudoptima-rg",
            "tags": {
              "Environment": "Production",
              "ManagedBy": "Terraform",
              "Project": "CloudOptima AI"
            },
            "timeouts": null,
            "virtual_machine_id": ""
          },
          "sensitive_attributes": [],
          "private": "eyJlMmJmYjczMC1lY2FhLTExZTYtOGY4OC0zNDM2M2JjN2M0YzAiOnsiY3JlYXRlIjoxODAwMDAwMDAwMDAwLCJkZWxldGUiOjE4MDAwMDAwMDAwMDAsInJlYWQiOjMwMDAwMDAwMDAwMCwidXBkYXRlIjoxODAwMDAwMDAwMDAwfX0=",
          "dependencies": [
            "azurerm_public_ip.vm",
            "azurerm_resource_group.main",
            "azurerm_subnet.main",
            "azurerm_virtual_network.main",
            "random_string.suffix"
          ]
        }
      ]
    },
    {
      "mode": "managed",
      "type": "azurerm_network_interface_security_group_association",
      "name": "vm",
      "provider": "provider[\"registry.terraform.io/hashicorp/azurerm\"]",
      "instances": [
        {
          "schema_version": 0,
          "attributes": {
            "id": "/subscriptions/3a6cc9a1-adf7-49fe-a02f-f6db16ced2a1/resourceGroups/cloudoptima-rg/providers/Microsoft.Network/networkInterfaces/cloudoptima-vm-nic|/subscriptions/3a6cc9a1-adf7-49fe-a02f-f6db16ced2a1/resourceGroups/cloudoptima-rg/providers/Microsoft.Network/networkSecurityGroups/cloudoptima-vm-nsg",
            "network_interface_id": "/subscriptions/3a6cc9a1-adf7-49fe-a02f-f6db16ced2a1/resourceGroups/cloudoptima-rg/providers/Microsoft.Network/networkInterfaces/cloudoptima-vm-nic",
            "network_security_group_id": "/subscriptions/3a6cc9a1-adf7-49fe-a02f-f6db16ced2a1/resourceGroups/cloudoptima-rg/providers/Microsoft.Network/networkSecurityGroups/cloudoptima-vm-nsg",
            "timeouts": null
          },
          "sensitive_attributes": [],
          "private": "eyJlMmJmYjczMC1lY2FhLTExZTYtOGY4OC0zNDM2M2JjN2M0YzAiOnsiY3JlYXRlIjoxODAwMDAwMDAwMDAwLCJkZWxldGUiOjE4MDAwMDAwMDAwMDAsInJlYWQiOjMwMDAwMDAwMDAwMH19",
          "dependencies": [
            "azurerm_network_interface.vm",
            "azurerm_network_security_group.vm",
            "azurerm_public_ip.vm",
            "azurerm_resource_group.main",
            "azurerm_subnet.main",
            "azurerm_virtual_network.main",
            "random_string.suffix"
          ]
        }
      ]
    },
    {
      "mode": "managed",
      "type": "azurerm_network_security_group",
      "name": "vm",
      "provider": "provider[\"registry.terraform.io/hashicorp/azurerm\"]",
      "instances": [
        {
          "schema_version": 0,
          "attributes": {
            "id": "/subscriptions/3a6cc9a1-adf7-49fe-a02f-f6db16ced2a1/resourceGroups/cloudoptima-rg/providers/Microsoft.Network/networkSecurityGroups/cloudoptima-vm-nsg",
            "location": "eastus2",
            "name": "cloudoptima-vm-nsg",
            "resource_group_name": "cloudoptima-rg",
            "security_rule": [
              {
                "access": "Allow",
                "description": "",
                "destination_address_prefix": "*",
                "destination_address_prefixes": [],
                "destination_application_security_group_ids": [],
                "destination_port_range": "*",
                "destination_port_ranges": [],
                "direction": "Outbound",
                "name": "AllowOutbound",
                "priority": 1004,
                "protocol": "*",
                "source_address_prefix": "*",
                "source_address_prefixes": [],
                "source_application_security_group_ids": [],
                "source_port_range": "*",
                "source_port_ranges": []
              },
              {
                "access": "Allow",
                "description": "",
                "destination_address_prefix": "*",
                "destination_address_prefixes": [],
                "destination_application_security_group_ids": [],
                "destination_port_range": "22",
                "destination_port_ranges": [],
                "direction": "Inbound",
                "name": "SSH",
                "priority": 1001,
                "protocol": "Tcp",
                "source_address_prefix": "*",
                "source_address_prefixes": [],
                "source_application_security_group_ids": [],
                "source_port_range": "*",
                "source_port_ranges": []
              },
              {
                "access": "Allow",
                "description": "",
                "destination_address_prefix": "*",
                "destination_address_prefixes": [],
                "destination_application_security_group_ids": [],
                "destination_port_range": "3000",
                "destination_port_ranges": [],
                "direction": "Inbound",
                "name": "Frontend",
                "priority": 1003,
                "protocol": "Tcp",
                "source_address_prefix": "*",
                "source_address_prefixes": [],
                "source_application_security_group_ids": [],
                "source_port_range": "*",
                "source_port_ranges": []
              },
              {
                "access": "Allow",
                "description": "",
                "destination_address_prefix": "*",
                "destination_address_prefixes": [],
                "destination_application_security_group_ids": [],
                "destination_port_range": "8000",
                "destination_port_ranges": [],
                "direction": "Inbound",
                "name": "Backend",
                "priority": 1002,
                "protocol": "Tcp",
                "source_address_prefix": "*",
                "source_address_prefixes": [],
                "source_application_security_group_ids": [],
                "source_port_range": "*",
                "source_port_ranges": []
              }
            ],
            "tags": {
              "Environment": "Production",
              "ManagedBy": "Terraform",
              "Project": "CloudOptima AI"
            },
            "timeouts": null
          },
          "sensitive_attributes": [],
          "private": "eyJlMmJmYjczMC1lY2FhLTExZTYtOGY4OC0zNDM2M2JjN2M0YzAiOnsiY3JlYXRlIjoxODAwMDAwMDAwMDAwLCJkZWxldGUiOjE4MDAwMDAwMDAwMDAsInJlYWQiOjMwMDAwMDAwMDAwMCwidXBkYXRlIjoxODAwMDAwMDAwMDAwfX0=",
          "dependencies": [
            "azurerm_resource_group.main"
          ]
        }
      ]
    },
    {
      "mode": "managed",
      "type": "azurerm_public_ip",
      "name": "vm",
      "provider": "provider[\"registry.terraform.io/hashicorp/azurerm\"]",
      "instances": [
        {
          "schema_version": 0,
          "attributes": {
            "allocation_method": "Static",
            "ddos_protection_mode": "VirtualNetworkInherited",
            "ddos_protection_plan_id": null,
            "domain_name_label": "cloudoptima-vm-e7ng1ocf",
            "edge_zone": "",
            "fqdn": "cloudoptima-vm-e7ng1ocf.eastus2.cloudapp.azure.com",
            "id": "/subscriptions/3a6cc9a1-adf7-49fe-a02f-f6db16ced2a1/resourceGroups/cloudoptima-rg/providers/Microsoft.Network/publicIPAddresses/cloudoptima-vm-ip",
            "idle_timeout_in_minutes": 4,
            "ip_address": "52.179.209.239",
            "ip_tags": {},
            "ip_version": "IPv4",
            "location": "eastus2",
            "name": "cloudoptima-vm-ip",
            "public_ip_prefix_id": null,
            "resource_group_name": "cloudoptima-rg",
            "reverse_fqdn": "",
            "sku": "Standard",
            "sku_tier": "Regional",
            "tags": {
              "Environment": "Production",
              "ManagedBy": "Terraform",
              "Project": "CloudOptima AI"
            },
            "timeouts": null,
            "zones": []
          },
          "sensitive_attributes": [],
          "private": "eyJlMmJmYjczMC1lY2FhLTExZTYtOGY4OC0zNDM2M2JjN2M0YzAiOnsiY3JlYXRlIjoxODAwMDAwMDAwMDAwLCJkZWxldGUiOjE4MDAwMDAwMDAwMDAsInJlYWQiOjMwMDAwMDAwMDAwMCwidXBkYXRlIjoxODAwMDAwMDAwMDAwfX0=",
          "dependencies": [
            "azurerm_resource_group.main",
            "random_string.suffix"
          ]
        }
      ]
    },
    {
      "mode": "managed",
      "type": "azurerm_resource_group",
      "name": "main",
      "provider": "provider[\"registry.terraform.io/hashicorp/azurerm\"]",
      "instances": [
        {
          "schema_version": 0,
          "attributes": {
            "id": "/subscriptions/3a6cc9a1-adf7-49fe-a02f-f6db16ced2a1/resourceGroups/cloudoptima-rg",
            "location": "eastus2",
            "managed_by": "",
            "name": "cloudoptima-rg",
            "tags": {
              "Environment": "Production",
              "ManagedBy": "Terraform",
              "Project": "CloudOptima AI"
            },
            "timeouts": null
          },
          "sensitive_attributes": [],
          "private": "eyJlMmJmYjczMC1lY2FhLTExZTYtOGY4OC0zNDM2M2JjN2M0YzAiOnsiY3JlYXRlIjo1NDAwMDAwMDAwMDAwLCJkZWxldGUiOjU0MDAwMDAwMDAwMDAsInJlYWQiOjMwMDAwMDAwMDAwMCwidXBkYXRlIjo1NDAwMDAwMDAwMDAwfX0="
        }
      ]
    },
    {
      "mode": "managed",
      "type": "azurerm_subnet",
      "name": "main",
      "provider": "provider[\"registry.terraform.io/hashicorp/azurerm\"]",
      "instances": [
        {
          "schema_version": 0,
          "attributes": {
            "address_prefixes": [
              "10.0.1.0/24"
            ],
            "default_outbound_access_enabled": true,
            "delegation": [],
            "enforce_private_link_endpoint_network_policies": true,
            "enforce_private_link_service_network_policies": false,
            "id": "/subscriptions/3a6cc9a1-adf7-49fe-a02f-f6db16ced2a1/resourceGroups/cloudoptima-rg/providers/Microsoft.Network/virtualNetworks/cloudoptima-vnet/subnets/cloudoptima-subnet",
            "name": "cloudoptima-subnet",
            "private_endpoint_network_policies": "Disabled",
            "private_endpoint_network_policies_enabled": false,
            "private_link_service_network_policies_enabled": true,
            "resource_group_name": "cloudoptima-rg",
            "service_endpoint_policy_ids": [],
            "service_endpoints": [],
            "timeouts": null,
            "virtual_network_name": "cloudoptima-vnet"
          },
          "sensitive_attributes": [],
          "private": "eyJlMmJmYjczMC1lY2FhLTExZTYtOGY4OC0zNDM2M2JjN2M0YzAiOnsiY3JlYXRlIjoxODAwMDAwMDAwMDAwLCJkZWxldGUiOjE4MDAwMDAwMDAwMDAsInJlYWQiOjMwMDAwMDAwMDAwMCwidXBkYXRlIjoxODAwMDAwMDAwMDAwfSwic2NoZW1hX3ZlcnNpb24iOiIwIn0=",
          "dependencies": [
            "azurerm_resource_group.main",
            "azurerm_virtual_network.main"
          ]
        }
      ]
    },
    {
      "mode": "managed",
      "type": "azurerm_virtual_network",
      "name": "main",
      "provider": "provider[\"registry.terraform.io/hashicorp/azurerm\"]",
      "instances": [
        {
          "schema_version": 0,
          "attributes": {
            "address_space": [
              "10.0.0.0/16"
            ],
            "bgp_community": "",
            "ddos_protection_plan": [],
            "dns_servers": [],
            "edge_zone": "",
            "encryption": [],
            "flow_timeout_in_minutes": 0,
            "guid": "69d75641-a68a-4603-8600-3c0fd88c9d44",
            "id": "/subscriptions/3a6cc9a1-adf7-49fe-a02f-f6db16ced2a1/resourceGroups/cloudoptima-rg/providers/Microsoft.Network/virtualNetworks/cloudoptima-vnet",
            "location": "eastus2",
            "name": "cloudoptima-vnet",
            "resource_group_name": "cloudoptima-rg",
            "subnet": [
              {
                "address_prefix": "10.0.1.0/24",
                "id": "/subscriptions/3a6cc9a1-adf7-49fe-a02f-f6db16ced2a1/resourceGroups/cloudoptima-rg/providers/Microsoft.Network/virtualNetworks/cloudoptima-vnet/subnets/cloudoptima-subnet",
                "name": "cloudoptima-subnet",
                "security_group": ""
              }
            ],
            "tags": {
              "Environment": "Production",
              "ManagedBy": "Terraform",
              "Project": "CloudOptima AI"
            },
            "timeouts": null
          },
          "sensitive_attributes": [],
          "private": "eyJlMmJmYjczMC1lY2FhLTExZTYtOGY4OC0zNDM2M2JjN2M0YzAiOnsiY3JlYXRlIjoxODAwMDAwMDAwMDAwLCJkZWxldGUiOjE4MDAwMDAwMDAwMDAsInJlYWQiOjMwMDAwMDAwMDAwMCwidXBkYXRlIjoxODAwMDAwMDAwMDAwfSwic2NoZW1hX3ZlcnNpb24iOiIwIn0=",
          "dependencies": [
            "azurerm_resource_group.main"
          ]
        }
      ]
    },
    {
      "mode": "managed",
      "type": "random_password",
      "name": "db_password",
      "provider": "provider[\"registry.terraform.io/hashicorp/random\"]",
      "instances": [
        {
          "schema_version": 3,
          "attributes": {
            "bcrypt_hash": "$2a$10$mJlzIrR18O82QaPaKbznb.jNL2w081FVHq.45eGWuMIocjAO73Inq",
            "id": "none",
            "keepers": null,
            "length": 32,
            "lower": true,
            "min_lower": 0,
            "min_numeric": 0,
            "min_special": 0,
            "min_upper": 0,
            "number": true,
            "numeric": true,
            "override_special": null,
            "result": "I#fS2Q=hDUCvqEu8g1prSb9sUnkz8K]N",
            "special": true,
            "upper": true
          },
          "sensitive_attributes": [
            [
              {
                "type": "get_attr",
                "value": "bcrypt_hash"
              }
            ],
            [
              {
                "type": "get_attr",
                "value": "result"
              }
            ]
          ]
        }
      ]
    },
    {
      "mode": "managed",
      "type": "random_password",
      "name": "secret_key",
      "provider": "provider[\"registry.terraform.io/hashicorp/random\"]",
      "instances": [
        {
          "schema_version": 3,
          "attributes": {
            "bcrypt_hash": "$2a$10$dkNDGxo3zPrmSQ42RLupLeSVXYSfs/QDhtds5JWIqrDDUq6oSfyjG",
            "id": "none",
            "keepers": null,
            "length": 64,
            "lower": true,
            "min_lower": 0,
            "min_numeric": 0,
            "min_special": 0,
            "min_upper": 0,
            "number": true,
            "numeric": true,
            "override_special": null,
            "result": "GOu5swokenNjjawHLEIs7vi0dZYPUxFcVRhPqX9odyzGOLQBsXklAJrFRbXOr3Uy",
            "special": false,
            "upper": true
          },
          "sensitive_attributes": [
            [
              {
                "type": "get_attr",
                "value": "result"
              }
            ],
            [
              {
                "type": "get_attr",
                "value": "bcrypt_hash"
              }
            ]
          ]
        }
      ]
    },
    {
      "mode": "managed",
      "type": "random_password",
      "name": "vm_password",
      "provider": "provider[\"registry.terraform.io/hashicorp/random\"]",
      "instances": [
        {
          "schema_version": 3,
          "attributes": {
            "bcrypt_hash": "$2a$10$0OAGzuRAnZJjAV/BxtfT5ueRZNi2D6wMERnE9cCliO165r5la92Xy",
            "id": "none",
            "keepers": null,
            "length": 16,
            "lower": true,
            "min_lower": 0,
            "min_numeric": 0,
            "min_special": 0,
            "min_upper": 0,
            "number": true,
            "numeric": true,
            "override_special": null,
            "result": "zJsjfxP80cmn!WeU",
            "special": true,
            "upper": true
          },
          "sensitive_attributes": [
            [
              {
                "type": "get_attr",
                "value": "result"
              }
            ],
            [
              {
                "type": "get_attr",
                "value": "bcrypt_hash"
              }
            ]
          ]
        }
      ]
    },
    {
      "mode": "managed",
      "type": "random_string",
      "name": "suffix",
      "provider": "provider[\"registry.terraform.io/hashicorp/random\"]",
      "instances": [
        {
          "schema_version": 2,
          "attributes": {
            "id": "e7ng1ocf",
            "keepers": null,
            "length": 8,
            "lower": true,
            "min_lower": 0,
            "min_numeric": 0,
            "min_special": 0,
            "min_upper": 0,
            "number": true,
            "numeric": true,
            "override_special": null,
            "result": "e7ng1ocf",
            "special": false,
            "upper": false
          },
          "sensitive_attributes": []
        }
      ]
    }
  ],
  "check_results": null
}
